// !$*UTF8*$!
{
	archiveVersion = 1;
	classes = {
	};
	objectVersion = 46;
	objects = {

/* Begin PBXBuildFile section */
		D4218ADD1F56EAF3000DE509 /* AppDelegate.swift in Sources */ = {isa = PBXBuildFile; fileRef = D4218ADC1F56EAF3000DE509 /* AppDelegate.swift */; };
		D4218ADF1F56EAF3000DE509 /* ViewController.swift in Sources */ = {isa = PBXBuildFile; fileRef = D4218ADE1F56EAF3000DE509 /* ViewController.swift */; };
		D4218AE21F56EAF3000DE509 /* Main.storyboard in Resources */ = {isa = PBXBuildFile; fileRef = D4218AE01F56EAF3000DE509 /* Main.storyboard */; };
		D4218AE41F56EAF3000DE509 /* Assets.xcassets in Resources */ = {isa = PBXBuildFile; fileRef = D4218AE31F56EAF3000DE509 /* Assets.xcassets */; };
		D4218AE71F56EAF3000DE509 /* LaunchScreen.storyboard in Resources */ = {isa = PBXBuildFile; fileRef = D4218AE51F56EAF3000DE509 /* LaunchScreen.storyboard */; };
/* End PBXBuildFile section */

/* Begin PBXFileReference section */
		D4218AD91F56EAF3000DE509 /* 2nd Try.app */ = {isa = PBXFileReference; explicitFileType = wrapper.application; includeInIndex = 0; path = "2nd Try.app"; sourceTree = BUILT_PRODUCTS_DIR; };
		D4218ADC1F56EAF3000DE509 /* AppDelegate.swift */ = {isa = PBXFileReference; lastKnownFileType = sourcecode.swift; path = AppDelegate.swift; sourceTree = "<group>"; };
		D4218ADE1F56EAF3000DE509 /* ViewController.swift */ = {isa = PBXFileReference; lastKnownFileType = sourcecode.swift; path = ViewController.swift; sourceTree = "<group>"; };
		D4218AE11F56EAF3000DE509 /* Base */ = {isa = PBXFileReference; lastKnownFileType = file.storyboard; name = Base; path = Base.lproj/Main.storyboard; sourceTree = "<group>"; };
		D4218AE31F56EAF3000DE509 /* Assets.xcassets */ = {isa = PBXFileReference; lastKnownFileType = folder.assetcatalog; path = Assets.xcassets; sourceTree = "<group>"; };
		D4218AE61F56EAF3000DE509 /* Base */ = {isa = PBXFileReference; lastKnownFileType = file.storyboard; name = Base; path = Base.lproj/LaunchScreen.storyboard; sourceTree = "<group>"; };
		D4218AE81F56EAF3000DE509 /* Info.plist */ = {isa = PBXFileReference; lastKnownFileType = text.plist.xml; path = Info.plist; sourceTree = "<group>"; };
/* End PBXFileReference section */

/* Begin PBXFrameworksBuildPhase section */
		D4218AD61F56EAF3000DE509 /* Frameworks */ = {
			isa = PBXFrameworksBuildPhase;
			buildActionMask = 2147483647;
			files = (
			);
			runOnlyForDeploymentPostprocessing = 0;
		};
/* End PBXFrameworksBuildPhase section */

/* Begin PBXGroup section */
		D4218AD01F56EAF3000DE509 = {
			isa = PBXGroup;
			children = (
				D4218ADB1F56EAF3000DE509 /* 2nd Try */,
				D4218ADA1F56EAF3000DE509 /* Products */,
			);
			sourceTree = "<group>";
		};
		D4218ADA1F56EAF3000DE509 /* Products */ = {
			isa = PBXGroup;
			children = (
				D4218AD91F56EAF3000DE509 /* 2nd Try.app */,
			);
			name = Products;
			sourceTree = "<group>";
		};
		D4218ADB1F56EAF3000DE509 /* 2nd Try */ = {
			isa = PBXGroup;
			children = (
				D4218ADC1F56EAF3000DE509 /* AppDelegate.swift */,
				D4218ADE1F56EAF3000DE509 /* ViewController.swift */,
				D4218AE01F56EAF3000DE509 /* Main.storyboard */,
				D4218AE31F56EAF3000DE509 /* Assets.xcassets */,
				D4218AE51F56EAF3000DE509 /* LaunchScreen.storyboard */,
				D4218AE81F56EAF3000DE509 /* Info.plist */,
			);
			path = "2nd Try";
			sourceTree = "<group>";
		};
/* End PBXGroup section */

/* Begin PBXNativeTarget section */
		D4218AD81F56EAF3000DE509 /* 2nd Try */ = {
			isa = PBXNativeTarget;
			buildConfigurationList = D4218AEB1F56EAF3000DE509 /* Build configuration list for PBXNativeTarget "2nd Try" */;
			buildPhases = (
				D4218AD51F56EAF3000DE509 /* Sources */,
				D4218AD61F56EAF3000DE509 /* Frameworks */,
				D4218AD71F56EAF3000DE509 /* Resources */,
			);
			buildRules = (
			);
			dependencies = (
			);
			name = "2nd Try";
			productName = "2nd Try";
			productReference = D4218AD91F56EAF3000DE509 /* 2nd Try.app */;
			productType = "com.apple.product-type.application";
		};
/* End PBXNativeTarget section */

/* Begin PBXProject section */
		D4218AD11F56EAF3000DE509 /* Project object */ = {
			isa = PBXProject;
			attributes = {
				LastSwiftUpdateCheck = 0830;
				LastUpgradeCheck = 0830;
				ORGANIZATIONNAME = "Jonas Fröhlich";
				TargetAttributes = {
					D4218AD81F56EAF3000DE509 = {
						CreatedOnToolsVersion = 8.3.3;
						ProvisioningStyle = Automatic;
					};
				};
			};
			buildConfigurationList = D4218AD41F56EAF3000DE509 /* Build configuration list for PBXProject "2nd Try" */;
			compatibilityVersion = "Xcode 3.2";
			developmentRegion = English;
			hasScannedForEncodings = 0;
			knownRegions = (
				en,
				Base,
			);
			mainGroup = D4218AD01F56EAF3000DE509;
			productRefGroup = D4218ADA1F56EAF3000DE509 /* Products */;
			projectDirPath = "";
			projectRoot = "";
			targets = (
				D4218AD81F56EAF3000DE509 /* 2nd Try */,
			);
		};
/* End PBXProject section */

/* Begin PBXResourcesBuildPhase section */
		D4218AD71F56EAF3000DE509 /* Resources */ = {
			isa = PBXResourcesBuildPhase;
			buildActionMask = 2147483647;
			files = (
				D4218AE71F56EAF3000DE509 /* LaunchScreen.storyboard in Resources */,
				D4218AE41F56EAF3000DE509 /* Assets.xcassets in Resources */,
				D4218AE21F56EAF3000DE509 /* Main.storyboard in Resources */,
			);
			runOnlyForDeploymentPostprocessing = 0;
		};
/* End PBXResourcesBuildPhase section */

/* Begin PBXSourcesBuildPhase section */
		D4218AD51F56EAF3000DE509 /* Sources */ = {
			isa = PBXSourcesBuildPhase;
			buildActionMask = 2147483647;
			files = (
				D4218ADF1F56EAF3000DE509 /* ViewController.swift in Sources */,
				D4218ADD1F56EAF3000DE509 /* AppDelegate.swift in Sources */,
			);
			runOnlyForDeploymentPostprocessing = 0;
		};
/* End PBXSourcesBuildPhase section */

/* Begin PBXVariantGroup section */
		D4218AE01F56EAF3000DE509 /* Main.storyboard */ = {
			isa = PBXVariantGroup;
			children = (
				D4218AE11F56EAF3000DE509 /* Base */,
			);
			name = Main.storyboard;
			sourceTree = "<group>";
		};
		D4218AE51F56EAF3000DE509 /* LaunchScreen.storyboard */ = {
			isa = PBXVariantGroup;
			children = (
				D4218AE61F56EAF3000DE509 /* Base */,
			);
			name = LaunchScreen.storyboard;
			sourceTree = "<group>";
		};
/* End PBXVariantGroup section */

/* Begin XCBuildConfiguration section */
		D4218AE91F56EAF3000DE509 /* Debug */ = {
			isa = XCBuildConfiguration;
			buildSettings = {
				ALWAYS_SEARCH_USER_PATHS = NO;
				CLANG_ANALYZER_NONNULL = YES;
				CLANG_ANALYZER_NUMBER_OBJECT_CONVERSION = YES_AGGRESSIVE;
				CLANG_CXX_LANGUAGE_STANDARD = "gnu++0x";
				CLANG_CXX_LIBRARY = "libc++";
				CLANG_ENABLE_MODULES = YES;
				CLANG_ENABLE_OBJC_ARC = YES;
				CLANG_WARN_BOOL_CONVERSION = YES;
				CLANG_WARN_CONSTANT_CONVERSION = YES;
				CLANG_WARN_DIRECT_OBJC_ISA_USAGE = YES_ERROR;
				CLANG_WARN_DOCUMENTATION_COMMENTS = YES;
				CLANG_WARN_EMPTY_BODY = YES;
				CLANG_WARN_ENUM_CONVERSION = YES;
				CLANG_WARN_INFINITE_RECURSION = YES;
				CLANG_WARN_INT_CONVERSION = YES;
				CLANG_WARN_OBJC_ROOT_CLASS = YES_ERROR;
				CLANG_WARN_SUSPICIOUS_MOVE = YES;
				CLANG_WARN_UNREACHABLE_CODE = YES;
				CLANG_WARN__DUPLICATE_METHOD_MATCH = YES;
				"CODE_SIGN_IDENTITY[sdk=iphoneos*]" = "iPhone Developer";
				COPY_PHASE_STRIP = NO;
				DEBUG_INFORMATION_FORMAT = dwarf;
				ENABLE_STRICT_OBJC_MSGSEND = YES;
				ENABLE_TESTABILITY = YES;
				GCC_C_LANGUAGE_STANDARD = gnu99;
				GCC_DYNAMIC_NO_PIC = NO;
				GCC_NO_COMMON_BLOCKS = YES;
				GCC_OPTIMIZATION_LEVEL = 0;
				GCC_PREPROCESSOR_DEFINITIONS = (
					"DEBUG=1",
					"$(inherited)",
				);
				GCC_WARN_64_TO_32_BIT_CONVERSION = YES;
				GCC_WARN_ABOUT_RETURN_TYPE = YES_ERROR;
				GCC_WARN_UNDECLARED_SELECTOR = YES;
				GCC_WARN_UNINITIALIZED_AUTOS = YES_AGGRESSIVE;
				GCC_WARN_UNUSED_FUNCTION = YES;
				GCC_WARN_UNUSED_VARIABLE = YES;
				IPHONEOS_DEPLOYMENT_TARGET = 10.3;
				MTL_ENABLE_DEBUG_INFO = YES;
				ONLY_ACTIVE_ARCH = YES;
				SDKROOT = iphoneos;
				SWIFT_ACTIVE_COMPILATION_CONDITIONS = DEBUG;
				SWIFT_OPTIMIZATION_LEVEL = "-Onone";
				TARGETED_DEVICE_FAMILY = "1,2";
			};
			name = Debug;
		};
		D4218AEA1F56EAF3000DE509 /* Release */ = {
			isa = XCBuildConfiguration;
			buildSettings = {
				ALWAYS_SEARCH_USER_PATHS = NO;
				CLANG_ANALYZER_NONNULL = YES;
				CLANG_ANALYZER_NUMBER_OBJECT_CONVERSION = YES_AGGRESSIVE;
				CLANG_CXX_LANGUAGE_STANDARD = "gnu++0x";
				CLANG_CXX_LIBRARY = "libc++";
				CLANG_ENABLE_MODULES = YES;
				CLANG_ENABLE_OBJC_ARC = YES;
				CLANG_WARN_BOOL_CONVERSION = YES;
				CLANG_WARN_CONSTANT_CONVERSION = YES;
				CLANG_WARN_DIRECT_OBJC_ISA_USAGE = YES_ERROR;
				CLANG_WARN_DOCUMENTATION_COMMENTS = YES;
				CLANG_WARN_EMPTY_BODY = YES;
				CLANG_WARN_ENUM_CONVERSION = YES;
				CLANG_WARN_INFINITE_RECURSION = YES;
				CLANG_WARN_INT_CONVERSION = YES;
				CLANG_WARN_OBJC_ROOT_CLASS = YES_ERROR;
				CLANG_WARN_SUSPICIOUS_MOVE = YES;
				CLANG_WARN_UNREACHABLE_CODE = YES;
				CLANG_WARN__DUPLICATE_METHOD_MATCH = YES;
				"CODE_SIGN_IDENTITY[sdk=iphoneos*]" = "iPhone Developer";
				COPY_PHASE_STRIP = NO;
				DEBUG_INFORMATION_FORMAT = "dwarf-with-dsym";
				ENABLE_NS_ASSERTIONS = NO;
				ENABLE_STRICT_OBJC_MSGSEND = YES;
				GCC_C_LANGUAGE_STANDARD = gnu99;
				GCC_NO_COMMON_BLOCKS = YES;
				GCC_WARN_64_TO_32_BIT_CONVERSION = YES;
				GCC_WARN_ABOUT_RETURN_TYPE = YES_ERROR;
				GCC_WARN_UNDECLARED_SELECTOR = YES;
				GCC_WARN_UNINITIALIZED_AUTOS = YES_AGGRESSIVE;
				GCC_WARN_UNUSED_FUNCTION = YES;
				GCC_WARN_UNUSED_VARIABLE = YES;
				IPHONEOS_DEPLOYMENT_TARGET = 10.3;
				MTL_ENABLE_DEBUG_INFO = NO;
				SDKROOT = iphoneos;
				SWIFT_OPTIMIZATION_LEVEL = "-Owholemodule";
				TARGETED_DEVICE_FAMILY = "1,2";
				VALIDATE_PRODUCT = YES;
			};
			name = Release;
		};
		D4218AEC1F56EAF3000DE509 /* Debug */ = {
			isa = XCBuildConfiguration;
			buildSettings = {
				ASSETCATALOG_COMPILER_APPICON_NAME = AppIcon;
				INFOPLIST_FILE = "2nd Try/Info.plist";
				LD_RUNPATH_SEARCH_PATHS = "$(inherited) @executable_path/Frameworks";
				PRODUCT_BUNDLE_IDENTIFIER = "de.youtube.-nd-Try";
				PRODUCT_NAME = "$(TARGET_NAME)";
				SWIFT_VERSION = 3.0;
			};
			name = Debug;
		};
		D4218AED1F56EAF3000DE509 /* Release */ = {
			isa = XCBuildConfiguration;
			buildSettings = {
				ASSETCATALOG_COMPILER_APPICON_NAME = AppIcon;
				INFOPLIST_FILE = "2nd Try/Info.plist";
				LD_RUNPATH_SEARCH_PATHS = "$(inherited) @executable_path/Frameworks";
				PRODUCT_BUNDLE_IDENTIFIER = "de.youtube.-nd-Try";
				PRODUCT_NAME = "$(TARGET_NAME)";
				SWIFT_VERSION = 3.0;
			};
			name = Release;
		};
/* End XCBuildConfiguration section */

/* Begin XCConfigurationList section */
		D4218AD41F56EAF3000DE509 /* Build configuration list for PBXProject "2nd Try" */ = {
			isa = XCConfigurationList;
			buildConfigurations = (
				D4218AE91F56EAF3000DE509 /* Debug */,
				D4218AEA1F56EAF3000DE509 /* Release */,
			);
			defaultConfigurationIsVisible = 0;
			defaultConfigurationName = Release;
		};
		D4218AEB1F56EAF3000DE509 /* Build configuration list for PBXNativeTarget "2nd Try" */ = {
			isa = XCConfigurationList;
			buildConfigurations = (
				D4218AEC1F56EAF3000DE509 /* Debug */,
				D4218AED1F56EAF3000DE509 /* Release */,
			);
			defaultConfigurationIsVisible = 0;
		};
/* End XCConfigurationList section */
	};
	rootObject = D4218AD11F56EAF3000DE509 /* Project object */;
}
